
Microsoft Visual Studio Solution File, Format Version 12.00
# Visual Studio Version 17
VisualStudioVersion = 17.6.33829.357
MinimumVisualStudioVersion = 10.0.40219.1
Project("{FAE04EC0-301F-11D3-BF4B-00C04F79EFBC}") = "api-documentos", "api-documentos.csproj", "{99071530-58B6-473E-9403-CED866CF1524}"
EndProject
Project("{FAE04EC0-301F-11D3-BF4B-00C04F79EFBC}") = "dominio", "..\dominio\dominio.csproj", "{0FF95234-3C85-4F52-B1CF-F6C431D21EF8}"
EndProject
Project("{2150E333-8FDC-42A3-9474-1A3956D46DE8}") = "Dominio", "Dominio", "{B06F2E47-5BB0-48AD-93FB-D634ECEED043}"
EndProject
Project("{2150E333-8FDC-42A3-9474-1A3956D46DE8}") = "Api", "Api", "{AC932C15-D9B0-409E-8B42-4ADD87610C9B}"
EndProject
Project("{2150E333-8FDC-42A3-9474-1A3956D46DE8}") = "arquivos", "arquivos", "{10E87BE4-B316-4561-B934-EFAF8DB06055}"
EndProject
Global
	GlobalSection(SolutionConfigurationPlatforms) = preSolution
		Debug|Any CPU = Debug|Any CPU
		Release|Any CPU = Release|Any CPU
	EndGlobalSection
	GlobalSection(ProjectConfigurationPlatforms) = postSolution
		{99071530-58B6-473E-9403-CED866CF1524}.Debug|Any CPU.ActiveCfg = Debug|Any CPU
		{99071530-58B6-473E-9403-CED866CF1524}.Debug|Any CPU.Build.0 = Debug|Any CPU
		{99071530-58B6-473E-9403-CED866CF1524}.Release|Any CPU.ActiveCfg = Release|Any CPU
		{99071530-58B6-473E-9403-CED866CF1524}.Release|Any CPU.Build.0 = Release|Any CPU
		{0FF95234-3C85-4F52-B1CF-F6C431D21EF8}.Debug|Any CPU.ActiveCfg = Debug|Any CPU
		{0FF95234-3C85-4F52-B1CF-F6C431D21EF8}.Debug|Any CPU.Build.0 = Debug|Any CPU
		{0FF95234-3C85-4F52-B1CF-F6C431D21EF8}.Release|Any CPU.ActiveCfg = Release|Any CPU
		{0FF95234-3C85-4F52-B1CF-F6C431D21EF8}.Release|Any CPU.Build.0 = Release|Any CPU
	EndGlobalSection
	GlobalSection(SolutionProperties) = preSolution
		HideSolutionNode = FALSE
	EndGlobalSection
	GlobalSection(NestedProjects) = preSolution
		{99071530-58B6-473E-9403-CED866CF1524} = {AC932C15-D9B0-409E-8B42-4ADD87610C9B}
		{0FF95234-3C85-4F52-B1CF-F6C431D21EF8} = {B06F2E47-5BB0-48AD-93FB-D634ECEED043}
	EndGlobalSection
	GlobalSection(ExtensibilityGlobals) = postSolution
		SolutionGuid = {928FA06B-A14B-4D86-A059-A3F979CC140D}
	EndGlobalSection
EndGlobal
